
Microsoft Visual Studio Solution File, Format Version 12.00
Project("{FAE04EC0-301F-11D3-BF4B-00C04F79EFBC}") = "DrawLots.Web", "DrawLots.Web\DrawLots.Web.csproj", "{91630194-0430-4580-9275-9657E2F1A329}"
EndProject
Project("{FAE04EC0-301F-11D3-BF4B-00C04F79EFBC}") = "DrawLots.Infrustructure", "DrawLots.Infrustructure\DrawLots.Infrustructure.csproj", "{010DB723-33F0-45A1-98FB-79270E2B5F40}"
EndProject
Project("{FAE04EC0-301F-11D3-BF4B-00C04F79EFBC}") = "DrawLots.Application", "DrawLots.Application\DrawLots.Application.csproj", "{8569EE29-0DBE-4B23-BE7D-784C567EC3F4}"
EndProject
Global
	GlobalSection(SolutionConfigurationPlatforms) = preSolution
		Debug|Any CPU = Debug|Any CPU
		Release|Any CPU = Release|Any CPU
	EndGlobalSection
	GlobalSection(ProjectConfigurationPlatforms) = postSolution
		{91630194-0430-4580-9275-9657E2F1A329}.Debug|Any CPU.ActiveCfg = Debug|Any CPU
		{91630194-0430-4580-9275-9657E2F1A329}.Debug|Any CPU.Build.0 = Debug|Any CPU
		{91630194-0430-4580-9275-9657E2F1A329}.Release|Any CPU.ActiveCfg = Release|Any CPU
		{91630194-0430-4580-9275-9657E2F1A329}.Release|Any CPU.Build.0 = Release|Any CPU
		{010DB723-33F0-45A1-98FB-79270E2B5F40}.Debug|Any CPU.ActiveCfg = Debug|Any CPU
		{010DB723-33F0-45A1-98FB-79270E2B5F40}.Debug|Any CPU.Build.0 = Debug|Any CPU
		{010DB723-33F0-45A1-98FB-79270E2B5F40}.Release|Any CPU.ActiveCfg = Release|Any CPU
		{010DB723-33F0-45A1-98FB-79270E2B5F40}.Release|Any CPU.Build.0 = Release|Any CPU
		{8569EE29-0DBE-4B23-BE7D-784C567EC3F4}.Debug|Any CPU.ActiveCfg = Debug|Any CPU
		{8569EE29-0DBE-4B23-BE7D-784C567EC3F4}.Debug|Any CPU.Build.0 = Debug|Any CPU
		{8569EE29-0DBE-4B23-BE7D-784C567EC3F4}.Release|Any CPU.ActiveCfg = Release|Any CPU
		{8569EE29-0DBE-4B23-BE7D-784C567EC3F4}.Release|Any CPU.Build.0 = Release|Any CPU
	EndGlobalSection
EndGlobal
